
Microsoft Visual Studio Solution File, Format Version 12.00
# Visual Studio Version 17
VisualStudioVersion = 17.11.35327.3
MinimumVisualStudioVersion = 10.0.40219.1
Project("{D2ABAB84-BF74-430A-B69E-9DC6D40DDA17}") = "TourServiceMultidimensional", "TourServiceMultidimensional\TourServiceMultidimensional.dwproj", "{E276C0E7-C117-48F3-8CB8-F6611EB7F209}"
EndProject
Global
	GlobalSection(SolutionConfigurationPlatforms) = preSolution
		Development|Default = Development|Default
	EndGlobalSection
	GlobalSection(ProjectConfigurationPlatforms) = postSolution
		{E276C0E7-C117-48F3-8CB8-F6611EB7F209}.Development|Default.ActiveCfg = Development
		{E276C0E7-C117-48F3-8CB8-F6611EB7F209}.Development|Default.Build.0 = Development
		{E276C0E7-C117-48F3-8CB8-F6611EB7F209}.Development|Default.Deploy.0 = Development
	EndGlobalSection
	GlobalSection(SolutionProperties) = preSolution
		HideSolutionNode = FALSE
	EndGlobalSection
	GlobalSection(ExtensibilityGlobals) = postSolution
		SolutionGuid = {99F414EC-FE63-4CDD-A10B-B8CE051F9245}
	EndGlobalSection
EndGlobal
